hash: 8a32c0d3a88c81400d3fdc304086281f2c9daaf77e85c7e4d67ffa9008c356cf
updated: 2016-04-13T00:17:40.726587721+08:00
imports:
- name: github.com/andybalholm/cascadia
  version: 3ad29d1ad1c4f2023e355603324348cf1f4b2d48
- name: github.com/fanyang01/glob
  version: 8f080cc69b2f8cc44838425c0834b3096a41a4f1
- name: github.com/gorilla/websocket
  version: e2e3d8414d0fbae04004f151979f4e27c6747fe7
- name: github.com/mfonda/simhash
  version: 79f94a1100d6da8bee6f6c253efc860a137a3186
- name: github.com/mitchellh/mapstructure
  version: d2dd0262208475919e1a362f675cfc0e7c10e905
- name: github.com/nats-io/nats
  version: b258f90beb7c1e3a45037b4f9b5bdadcde9cc42d
  subpackages:
  - encoders/builtin
- name: github.com/nats-io/nuid
  version: a5152d67cf63cbfb5d992a395458722a45194715
- name: github.com/PuerkitoBio/goquery
  version: 2e29ea41f0d13f4a303c75553f4eeadddc7a4c56
- name: github.com/Sirupsen/logrus
  version: 4b6ea7319e214d98c938f12692336f7ca9348d6b
- name: github.com/stretchr/testify
  version: 0744955171b0b6e1871ff9d7366abc2b7a7fcec0
  subpackages:
  - assert
- name: github.com/temoto/robotstxt-go
  version: b8a039be43ce65409fe54b4bc09f2ae8a3925a54
- name: golang.org/x/net
  version: 589fda73dd0faec3dc59e7d7dab5b069e3fce0f9
  subpackages:
  - html
  - proxy
  - html/charset
  - html/atom
- name: golang.org/x/sys
  version: 9eef40adf05b951699605195b829612bd7b69952
  subpackages:
  - unix
- name: golang.org/x/text
  version: 5ee49cfe751141f8017047bab800d1f528ee3be1
  subpackages:
  - encoding
  - encoding/simplifiedchinese
  - encoding/unicode
  - transform
  - encoding/charmap
  - encoding/htmlindex
  - encoding/internal/identifier
  - encoding/internal
  - unicode/norm
  - internal/utf8internal
  - runes
  - encoding/japanese
  - encoding/korean
  - encoding/traditionalchinese
  - language
  - internal/tag
devImports: []
